// !$*UTF8*$!
{
	archiveVersion = 1;
	classes = {
	};
	objectVersion = 46;
	objects = {

/* Begin PBXBuildFile section */
		0234E4EA1F60E09C006F803E /* LCJMineViewController.m in Sources */ = {isa = PBXBuildFile; fileRef = 0234E4E61F60E09C006F803E /* LCJMineViewController.m */; };
		0234E4EB1F60E09C006F803E /* LCJSettingViewController.m in Sources */ = {isa = PBXBuildFile; fileRef = 0234E4E81F60E09C006F803E /* LCJSettingViewController.m */; };
		0234E4EE1F60E0E7006F803E /* LCJMineFooterView.m in Sources */ = {isa = PBXBuildFile; fileRef = 0234E4ED1F60E0E7006F803E /* LCJMineFooterView.m */; };
		0234E4F51F60E2F3006F803E /* LCJMineFooterModel.m in Sources */ = {isa = PBXBuildFile; fileRef = 0234E4F41F60E2F3006F803E /* LCJMineFooterModel.m */; };
		0237DB471F668A8D005FF7AA /* LCJMineFooterListBtn.m in Sources */ = {isa = PBXBuildFile; fileRef = 0237DB461F668A8D005FF7AA /* LCJMineFooterListBtn.m */; };
		024D71611F67855F00430DA4 /* LCJMineWebViewController.m in Sources */ = {isa = PBXBuildFile; fileRef = 024D71601F67855F00430DA4 /* LCJMineWebViewController.m */; };
		0276C8C01F5D348A0052FBFB /* LCJAFHTTPClient.m in Sources */ = {isa = PBXBuildFile; fileRef = 0276C8BF1F5D348A0052FBFB /* LCJAFHTTPClient.m */; };
		02D9F0C31F67D4BA00C20D3D /* LCJCreamViewController.m in Sources */ = {isa = PBXBuildFile; fileRef = 02D9F0C21F67D4BA00C20D3D /* LCJCreamViewController.m */; };
		02D9F0C61F67D54800C20D3D /* LCJAllViewController.m in Sources */ = {isa = PBXBuildFile; fileRef = 02D9F0C51F67D54800C20D3D /* LCJAllViewController.m */; };
		02D9F0C91F67D56E00C20D3D /* LCJVideoViewController.m in Sources */ = {isa = PBXBuildFile; fileRef = 02D9F0C81F67D56E00C20D3D /* LCJVideoViewController.m */; };
		02D9F0CC1F67D58A00C20D3D /* LCJVoiceViewController.m in Sources */ = {isa = PBXBuildFile; fileRef = 02D9F0CB1F67D58A00C20D3D /* LCJVoiceViewController.m */; };
		02D9F0CF1F67D59800C20D3D /* LCJImgViewController.m in Sources */ = {isa = PBXBuildFile; fileRef = 02D9F0CE1F67D59800C20D3D /* LCJImgViewController.m */; };
		02D9F0D21F67D5AA00C20D3D /* LCJTextViewController.m in Sources */ = {isa = PBXBuildFile; fileRef = 02D9F0D11F67D5AA00C20D3D /* LCJTextViewController.m */; };
		02ED71511FB0384F00A54414 /* LCJRefreshHeader.m in Sources */ = {isa = PBXBuildFile; fileRef = 02ED71501FB0384F00A54414 /* LCJRefreshHeader.m */; };
		02F33B0D1FAC6184009B18C7 /* LCJCreamModel.m in Sources */ = {isa = PBXBuildFile; fileRef = 02F33B0C1FAC6184009B18C7 /* LCJCreamModel.m */; };
		350BD6EB1F4E66B4006D23F1 /* LCJTabBar.m in Sources */ = {isa = PBXBuildFile; fileRef = 350BD6EA1F4E66B4006D23F1 /* LCJTabBar.m */; };
		350BD6F41F4E76BD006D23F1 /* UIView+LCJExtend.m in Sources */ = {isa = PBXBuildFile; fileRef = 350BD6F31F4E76BD006D23F1 /* UIView+LCJExtend.m */; };
		350BD6F81F4ECC37006D23F1 /* LCJNavButtonItem.m in Sources */ = {isa = PBXBuildFile; fileRef = 350BD6F71F4ECC37006D23F1 /* LCJNavButtonItem.m */; };
		350BD6FE1F4ED9E0006D23F1 /* LCJNavigationController.m in Sources */ = {isa = PBXBuildFile; fileRef = 350BD6FD1F4ED9E0006D23F1 /* LCJNavigationController.m */; };
		350BD7051F5011AB006D23F1 /* LCJLoginViewController.m in Sources */ = {isa = PBXBuildFile; fileRef = 350BD7041F5011AB006D23F1 /* LCJLoginViewController.m */; };
		350BD7081F53B292006D23F1 /* LCJThirdPartyLoginBtn.m in Sources */ = {isa = PBXBuildFile; fileRef = 350BD7071F53B292006D23F1 /* LCJThirdPartyLoginBtn.m */; };
		352382231F4D295B0035FF17 /* AppDelegate.m in Sources */ = {isa = PBXBuildFile; fileRef = 352382211F4D295B0035FF17 /* AppDelegate.m */; };
		352382241F4D295B0035FF17 /* main.m in Sources */ = {isa = PBXBuildFile; fileRef = 352382221F4D295B0035FF17 /* main.m */; };
		3523822D1F4D2D930035FF17 /* LCJTabBarController.m in Sources */ = {isa = PBXBuildFile; fileRef = 3523822C1F4D2D930035FF17 /* LCJTabBarController.m */; };
		352382391F4D2EDE0035FF17 /* LCJNewViewController.m in Sources */ = {isa = PBXBuildFile; fileRef = 352382381F4D2EDE0035FF17 /* LCJNewViewController.m */; };
		3523823C1F4D2EF70035FF17 /* LCJAttentionViewController.m in Sources */ = {isa = PBXBuildFile; fileRef = 3523823B1F4D2EF70035FF17 /* LCJAttentionViewController.m */; };
		352382441F4D67240035FF17 /* LCJAPIConfig.m in Sources */ = {isa = PBXBuildFile; fileRef = 352382431F4D67240035FF17 /* LCJAPIConfig.m */; };
		352382471F4D67630035FF17 /* LCJColor.m in Sources */ = {isa = PBXBuildFile; fileRef = 352382461F4D67630035FF17 /* LCJColor.m */; };
		3523824A1F4D679E0035FF17 /* LCJDimensConfig.m in Sources */ = {isa = PBXBuildFile; fileRef = 352382491F4D679E0035FF17 /* LCJDimensConfig.m */; };
		3523824D1F4D67B10035FF17 /* LCJCommonConfig.m in Sources */ = {isa = PBXBuildFile; fileRef = 3523824C1F4D67B10035FF17 /* LCJCommonConfig.m */; };
		35889E7F1F4D16D500150C99 /* Assets.xcassets in Resources */ = {isa = PBXBuildFile; fileRef = 35889E7E1F4D16D500150C99 /* Assets.xcassets */; };
		35889E8D1F4D16D500150C99 /* _____Tests.m in Sources */ = {isa = PBXBuildFile; fileRef = 35889E8C1F4D16D500150C99 /* _____Tests.m */; };
		35889E981F4D16D500150C99 /* _____UITests.m in Sources */ = {isa = PBXBuildFile; fileRef = 35889E971F4D16D500150C99 /* _____UITests.m */; };
		CA2BBE8C4EDB69EFA5E39369 /* libPods-百思不得姐.a in Frameworks */ = {isa = PBXBuildFile; fileRef = 9F3088E6EAD0C6C53A7F8765 /* libPods-百思不得姐.a */; };
/* End PBXBuildFile section */

/* Begin PBXContainerItemProxy section */
		35889E891F4D16D500150C99 /* PBXContainerItemProxy */ = {
			isa = PBXContainerItemProxy;
			containerPortal = 35889E671F4D16D400150C99 /* Project object */;
			proxyType = 1;
			remoteGlobalIDString = 35889E6E1F4D16D400150C99;
			remoteInfo = "百思不得姐";
		};
		35889E941F4D16D500150C99 /* PBXContainerItemProxy */ = {
			isa = PBXContainerItemProxy;
			containerPortal = 35889E671F4D16D400150C99 /* Project object */;
			proxyType = 1;
			remoteGlobalIDString = 35889E6E1F4D16D400150C99;
			remoteInfo = "百思不得姐";
		};
/* End PBXContainerItemProxy section */

/* Begin PBXFileReference section */
		0234E4E51F60E09C006F803E /* LCJMineViewController.h */ = {isa = PBXFileReference; fileEncoding = 4; lastKnownFileType = sourcecode.c.h; path = LCJMineViewController.h; sourceTree = "<group>"; };
		0234E4E61F60E09C006F803E /* LCJMineViewController.m */ = {isa = PBXFileReference; fileEncoding = 4; lastKnownFileType = sourcecode.c.objc; path = LCJMineViewController.m; sourceTree = "<group>"; };
		0234E4E71F60E09C006F803E /* LCJSettingViewController.h */ = {isa = PBXFileReference; fileEncoding = 4; lastKnownFileType = sourcecode.c.h; path = LCJSettingViewController.h; sourceTree = "<group>"; };
		0234E4E81F60E09C006F803E /* LCJSettingViewController.m */ = {isa = PBXFileReference; fileEncoding = 4; lastKnownFileType = sourcecode.c.objc; path = LCJSettingViewController.m; sourceTree = "<group>"; };
		0234E4EC1F60E0E7006F803E /* LCJMineFooterView.h */ = {isa = PBXFileReference; fileEncoding = 4; lastKnownFileType = sourcecode.c.h; path = LCJMineFooterView.h; sourceTree = "<group>"; };
		0234E4ED1F60E0E7006F803E /* LCJMineFooterView.m */ = {isa = PBXFileReference; fileEncoding = 4; lastKnownFileType = sourcecode.c.objc; path = LCJMineFooterView.m; sourceTree = "<group>"; };
		0234E4F31F60E2F3006F803E /* LCJMineFooterModel.h */ = {isa = PBXFileReference; fileEncoding = 4; lastKnownFileType = sourcecode.c.h; path = LCJMineFooterModel.h; sourceTree = "<group>"; };
		0234E4F41F60E2F3006F803E /* LCJMineFooterModel.m */ = {isa = PBXFileReference; fileEncoding = 4; lastKnownFileType = sourcecode.c.objc; path = LCJMineFooterModel.m; sourceTree = "<group>"; };
		0237DB451F668A8D005FF7AA /* LCJMineFooterListBtn.h */ = {isa = PBXFileReference; fileEncoding = 4; lastKnownFileType = sourcecode.c.h; path = LCJMineFooterListBtn.h; sourceTree = "<group>"; };
		0237DB461F668A8D005FF7AA /* LCJMineFooterListBtn.m */ = {isa = PBXFileReference; fileEncoding = 4; lastKnownFileType = sourcecode.c.objc; path = LCJMineFooterListBtn.m; sourceTree = "<group>"; };
		024D715F1F67855F00430DA4 /* LCJMineWebViewController.h */ = {isa = PBXFileReference; fileEncoding = 4; lastKnownFileType = sourcecode.c.h; path = LCJMineWebViewController.h; sourceTree = "<group>"; };
		024D71601F67855F00430DA4 /* LCJMineWebViewController.m */ = {isa = PBXFileReference; fileEncoding = 4; lastKnownFileType = sourcecode.c.objc; path = LCJMineWebViewController.m; sourceTree = "<group>"; };
		0276C8BE1F5D348A0052FBFB /* LCJAFHTTPClient.h */ = {isa = PBXFileReference; fileEncoding = 4; lastKnownFileType = sourcecode.c.h; path = LCJAFHTTPClient.h; sourceTree = "<group>"; };
		0276C8BF1F5D348A0052FBFB /* LCJAFHTTPClient.m */ = {isa = PBXFileReference; fileEncoding = 4; lastKnownFileType = sourcecode.c.objc; path = LCJAFHTTPClient.m; sourceTree = "<group>"; };
		02D9F0C11F67D4BA00C20D3D /* LCJCreamViewController.h */ = {isa = PBXFileReference; fileEncoding = 4; lastKnownFileType = sourcecode.c.h; path = LCJCreamViewController.h; sourceTree = "<group>"; };
		02D9F0C21F67D4BA00C20D3D /* LCJCreamViewController.m */ = {isa = PBXFileReference; fileEncoding = 4; lastKnownFileType = sourcecode.c.objc; path = LCJCreamViewController.m; sourceTree = "<group>"; };
		02D9F0C41F67D54800C20D3D /* LCJAllViewController.h */ = {isa = PBXFileReference; fileEncoding = 4; lastKnownFileType = sourcecode.c.h; path = LCJAllViewController.h; sourceTree = "<group>"; };
		02D9F0C51F67D54800C20D3D /* LCJAllViewController.m */ = {isa = PBXFileReference; fileEncoding = 4; lastKnownFileType = sourcecode.c.objc; path = LCJAllViewController.m; sourceTree = "<group>"; };
		02D9F0C71F67D56E00C20D3D /* LCJVideoViewController.h */ = {isa = PBXFileReference; fileEncoding = 4; lastKnownFileType = sourcecode.c.h; path = LCJVideoViewController.h; sourceTree = "<group>"; };
		02D9F0C81F67D56E00C20D3D /* LCJVideoViewController.m */ = {isa = PBXFileReference; fileEncoding = 4; lastKnownFileType = sourcecode.c.objc; path = LCJVideoViewController.m; sourceTree = "<group>"; };
		02D9F0CA1F67D58A00C20D3D /* LCJVoiceViewController.h */ = {isa = PBXFileReference; fileEncoding = 4; lastKnownFileType = sourcecode.c.h; path = LCJVoiceViewController.h; sourceTree = "<group>"; };
		02D9F0CB1F67D58A00C20D3D /* LCJVoiceViewController.m */ = {isa = PBXFileReference; fileEncoding = 4; lastKnownFileType = sourcecode.c.objc; path = LCJVoiceViewController.m; sourceTree = "<group>"; };
		02D9F0CD1F67D59800C20D3D /* LCJImgViewController.h */ = {isa = PBXFileReference; fileEncoding = 4; lastKnownFileType = sourcecode.c.h; path = LCJImgViewController.h; sourceTree = "<group>"; };
		02D9F0CE1F67D59800C20D3D /* LCJImgViewController.m */ = {isa = PBXFileReference; fileEncoding = 4; lastKnownFileType = sourcecode.c.objc; path = LCJImgViewController.m; sourceTree = "<group>"; };
		02D9F0D01F67D5AA00C20D3D /* LCJTextViewController.h */ = {isa = PBXFileReference; fileEncoding = 4; lastKnownFileType = sourcecode.c.h; path = LCJTextViewController.h; sourceTree = "<group>"; };
		02D9F0D11F67D5AA00C20D3D /* LCJTextViewController.m */ = {isa = PBXFileReference; fileEncoding = 4; lastKnownFileType = sourcecode.c.objc; path = LCJTextViewController.m; sourceTree = "<group>"; };
		02ED714F1FB0384F00A54414 /* LCJRefreshHeader.h */ = {isa = PBXFileReference; lastKnownFileType = sourcecode.c.h; path = LCJRefreshHeader.h; sourceTree = "<group>"; };
		02ED71501FB0384F00A54414 /* LCJRefreshHeader.m */ = {isa = PBXFileReference; lastKnownFileType = sourcecode.c.objc; path = LCJRefreshHeader.m; sourceTree = "<group>"; };
		02F33B0B1FAC6184009B18C7 /* LCJCreamModel.h */ = {isa = PBXFileReference; lastKnownFileType = sourcecode.c.h; path = LCJCreamModel.h; sourceTree = "<group>"; };
		02F33B0C1FAC6184009B18C7 /* LCJCreamModel.m */ = {isa = PBXFileReference; lastKnownFileType = sourcecode.c.objc; path = LCJCreamModel.m; sourceTree = "<group>"; };
		350BD6E91F4E66B4006D23F1 /* LCJTabBar.h */ = {isa = PBXFileReference; fileEncoding = 4; lastKnownFileType = sourcecode.c.h; path = LCJTabBar.h; sourceTree = "<group>"; };
		350BD6EA1F4E66B4006D23F1 /* LCJTabBar.m */ = {isa = PBXFileReference; fileEncoding = 4; lastKnownFileType = sourcecode.c.objc; path = LCJTabBar.m; sourceTree = "<group>"; };
		350BD6F21F4E76BD006D23F1 /* UIView+LCJExtend.h */ = {isa = PBXFileReference; fileEncoding = 4; lastKnownFileType = sourcecode.c.h; path = "UIView+LCJExtend.h"; sourceTree = "<group>"; };
		350BD6F31F4E76BD006D23F1 /* UIView+LCJExtend.m */ = {isa = PBXFileReference; fileEncoding = 4; lastKnownFileType = sourcecode.c.objc; path = "UIView+LCJExtend.m"; sourceTree = "<group>"; };
		350BD6F61F4ECC37006D23F1 /* LCJNavButtonItem.h */ = {isa = PBXFileReference; fileEncoding = 4; lastKnownFileType = sourcecode.c.h; path = LCJNavButtonItem.h; sourceTree = "<group>"; };
		350BD6F71F4ECC37006D23F1 /* LCJNavButtonItem.m */ = {isa = PBXFileReference; fileEncoding = 4; lastKnownFileType = sourcecode.c.objc; path = LCJNavButtonItem.m; sourceTree = "<group>"; };
		350BD6FC1F4ED9E0006D23F1 /* LCJNavigationController.h */ = {isa = PBXFileReference; fileEncoding = 4; lastKnownFileType = sourcecode.c.h; path = LCJNavigationController.h; sourceTree = "<group>"; };
		350BD6FD1F4ED9E0006D23F1 /* LCJNavigationController.m */ = {isa = PBXFileReference; fileEncoding = 4; lastKnownFileType = sourcecode.c.objc; path = LCJNavigationController.m; sourceTree = "<group>"; };
		350BD7031F5011AB006D23F1 /* LCJLoginViewController.h */ = {isa = PBXFileReference; fileEncoding = 4; lastKnownFileType = sourcecode.c.h; path = LCJLoginViewController.h; sourceTree = "<group>"; };
		350BD7041F5011AB006D23F1 /* LCJLoginViewController.m */ = {isa = PBXFileReference; fileEncoding = 4; lastKnownFileType = sourcecode.c.objc; path = LCJLoginViewController.m; sourceTree = "<group>"; };
		350BD7061F53B292006D23F1 /* LCJThirdPartyLoginBtn.h */ = {isa = PBXFileReference; fileEncoding = 4; lastKnownFileType = sourcecode.c.h; path = LCJThirdPartyLoginBtn.h; sourceTree = "<group>"; };
		350BD7071F53B292006D23F1 /* LCJThirdPartyLoginBtn.m */ = {isa = PBXFileReference; fileEncoding = 4; lastKnownFileType = sourcecode.c.objc; path = LCJThirdPartyLoginBtn.m; sourceTree = "<group>"; };
		352382201F4D295B0035FF17 /* AppDelegate.h */ = {isa = PBXFileReference; fileEncoding = 4; lastKnownFileType = sourcecode.c.h; path = AppDelegate.h; sourceTree = "<group>"; };
		352382211F4D295B0035FF17 /* AppDelegate.m */ = {isa = PBXFileReference; fileEncoding = 4; lastKnownFileType = sourcecode.c.objc; path = AppDelegate.m; sourceTree = "<group>"; };
		352382221F4D295B0035FF17 /* main.m */ = {isa = PBXFileReference; fileEncoding = 4; lastKnownFileType = sourcecode.c.objc; path = main.m; sourceTree = "<group>"; };
		3523822B1F4D2D930035FF17 /* LCJTabBarController.h */ = {isa = PBXFileReference; fileEncoding = 4; lastKnownFileType = sourcecode.c.h; path = LCJTabBarController.h; sourceTree = "<group>"; };
		3523822C1F4D2D930035FF17 /* LCJTabBarController.m */ = {isa = PBXFileReference; fileEncoding = 4; lastKnownFileType = sourcecode.c.objc; path = LCJTabBarController.m; sourceTree = "<group>"; };
		352382371F4D2EDE0035FF17 /* LCJNewViewController.h */ = {isa = PBXFileReference; fileEncoding = 4; lastKnownFileType = sourcecode.c.h; path = LCJNewViewController.h; sourceTree = "<group>"; };
		352382381F4D2EDE0035FF17 /* LCJNewViewController.m */ = {isa = PBXFileReference; fileEncoding = 4; lastKnownFileType = sourcecode.c.objc; path = LCJNewViewController.m; sourceTree = "<group>"; };
		3523823A1F4D2EF70035FF17 /* LCJAttentionViewController.h */ = {isa = PBXFileReference; fileEncoding = 4; lastKnownFileType = sourcecode.c.h; path = LCJAttentionViewController.h; sourceTree = "<group>"; };
		3523823B1F4D2EF70035FF17 /* LCJAttentionViewController.m */ = {isa = PBXFileReference; fileEncoding = 4; lastKnownFileType = sourcecode.c.objc; path = LCJAttentionViewController.m; sourceTree = "<group>"; };
		352382411F4D652E0035FF17 /* PrefixHeader.pch */ = {isa = PBXFileReference; lastKnownFileType = sourcecode.c.h; path = PrefixHeader.pch; sourceTree = "<group>"; };
		352382421F4D67240035FF17 /* LCJAPIConfig.h */ = {isa = PBXFileReference; fileEncoding = 4; lastKnownFileType = sourcecode.c.h; path = LCJAPIConfig.h; sourceTree = "<group>"; };
		352382431F4D67240035FF17 /* LCJAPIConfig.m */ = {isa = PBXFileReference; fileEncoding = 4; lastKnownFileType = sourcecode.c.objc; path = LCJAPIConfig.m; sourceTree = "<group>"; };
		352382451F4D67630035FF17 /* LCJColor.h */ = {isa = PBXFileReference; fileEncoding = 4; lastKnownFileType = sourcecode.c.h; path = LCJColor.h; sourceTree = "<group>"; };
		352382461F4D67630035FF17 /* LCJColor.m */ = {isa = PBXFileReference; fileEncoding = 4; lastKnownFileType = sourcecode.c.objc; path = LCJColor.m; sourceTree = "<group>"; };
		352382481F4D679E0035FF17 /* LCJDimensConfig.h */ = {isa = PBXFileReference; fileEncoding = 4; lastKnownFileType = sourcecode.c.h; path = LCJDimensConfig.h; sourceTree = "<group>"; };
		352382491F4D679E0035FF17 /* LCJDimensConfig.m */ = {isa = PBXFileReference; fileEncoding = 4; lastKnownFileType = sourcecode.c.objc; path = LCJDimensConfig.m; sourceTree = "<group>"; };
		3523824B1F4D67B10035FF17 /* LCJCommonConfig.h */ = {isa = PBXFileReference; fileEncoding = 4; lastKnownFileType = sourcecode.c.h; path = LCJCommonConfig.h; sourceTree = "<group>"; };
		3523824C1F4D67B10035FF17 /* LCJCommonConfig.m */ = {isa = PBXFileReference; fileEncoding = 4; lastKnownFileType = sourcecode.c.objc; path = LCJCommonConfig.m; sourceTree = "<group>"; };
		35889E6F1F4D16D500150C99 /* 百思不得姐.app */ = {isa = PBXFileReference; explicitFileType = wrapper.application; includeInIndex = 0; path = "百思不得姐.app"; sourceTree = BUILT_PRODUCTS_DIR; };
		35889E7E1F4D16D500150C99 /* Assets.xcassets */ = {isa = PBXFileReference; lastKnownFileType = folder.assetcatalog; path = Assets.xcassets; sourceTree = "<group>"; };
		35889E831F4D16D500150C99 /* Info.plist */ = {isa = PBXFileReference; lastKnownFileType = text.plist.xml; path = Info.plist; sourceTree = "<group>"; };
		35889E881F4D16D500150C99 /* 百思不得姐Tests.xctest */ = {isa = PBXFileReference; explicitFileType = wrapper.cfbundle; includeInIndex = 0; path = "百思不得姐Tests.xctest"; sourceTree = BUILT_PRODUCTS_DIR; };
		35889E8C1F4D16D500150C99 /* _____Tests.m */ = {isa = PBXFileReference; lastKnownFileType = sourcecode.c.objc; path = "_____Tests.m"; sourceTree = "<group>"; };
		35889E8E1F4D16D500150C99 /* Info.plist */ = {isa = PBXFileReference; lastKnownFileType = text.plist.xml; path = Info.plist; sourceTree = "<group>"; };
		35889E931F4D16D500150C99 /* 百思不得姐UITests.xctest */ = {isa = PBXFileReference; explicitFileType = wrapper.cfbundle; includeInIndex = 0; path = "百思不得姐UITests.xctest"; sourceTree = BUILT_PRODUCTS_DIR; };
		35889E971F4D16D500150C99 /* _____UITests.m */ = {isa = PBXFileReference; lastKnownFileType = sourcecode.c.objc; path = "_____UITests.m"; sourceTree = "<group>"; };
		35889E991F4D16D500150C99 /* Info.plist */ = {isa = PBXFileReference; lastKnownFileType = text.plist.xml; path = Info.plist; sourceTree = "<group>"; };
		9F3088E6EAD0C6C53A7F8765 /* libPods-百思不得姐.a */ = {isa = PBXFileReference; explicitFileType = archive.ar; includeInIndex = 0; path = "libPods-百思不得姐.a"; sourceTree = BUILT_PRODUCTS_DIR; };
		CC4F2D01F7DAF7549779AD4B /* Pods-百思不得姐.debug.xcconfig */ = {isa = PBXFileReference; includeInIndex = 1; lastKnownFileType = text.xcconfig; name = "Pods-百思不得姐.debug.xcconfig"; path = "Pods/Target Support Files/Pods-百思不得姐/Pods-百思不得姐.debug.xcconfig"; sourceTree = "<group>"; };
		E5B99AB518FE0B26DDC02BC4 /* Pods-百思不得姐.release.xcconfig */ = {isa = PBXFileReference; includeInIndex = 1; lastKnownFileType = text.xcconfig; name = "Pods-百思不得姐.release.xcconfig"; path = "Pods/Target Support Files/Pods-百思不得姐/Pods-百思不得姐.release.xcconfig"; sourceTree = "<group>"; };
/* End PBXFileReference section */

/* Begin PBXFrameworksBuildPhase section */
		35889E6C1F4D16D400150C99 /* Frameworks */ = {
			isa = PBXFrameworksBuildPhase;
			buildActionMask = 2147483647;
			files = (
				CA2BBE8C4EDB69EFA5E39369 /* libPods-百思不得姐.a in Frameworks */,
			);
			runOnlyForDeploymentPostprocessing = 0;
		};
		35889E851F4D16D500150C99 /* Frameworks */ = {
			isa = PBXFrameworksBuildPhase;
			buildActionMask = 2147483647;
			files = (
			);
			runOnlyForDeploymentPostprocessing = 0;
		};
		35889E901F4D16D500150C99 /* Frameworks */ = {
			isa = PBXFrameworksBuildPhase;
			buildActionMask = 2147483647;
			files = (
			);
			runOnlyForDeploymentPostprocessing = 0;
		};
/* End PBXFrameworksBuildPhase section */

/* Begin PBXGroup section */
		0234E4E41F60E09C006F803E /* Controller */ = {
			isa = PBXGroup;
			children = (
				0234E4E51F60E09C006F803E /* LCJMineViewController.h */,
				0234E4E61F60E09C006F803E /* LCJMineViewController.m */,
				0234E4E71F60E09C006F803E /* LCJSettingViewController.h */,
				0234E4E81F60E09C006F803E /* LCJSettingViewController.m */,
				024D715F1F67855F00430DA4 /* LCJMineWebViewController.h */,
				024D71601F67855F00430DA4 /* LCJMineWebViewController.m */,
			);
			path = Controller;
			sourceTree = "<group>";
		};
		0234E4E91F60E09C006F803E /* View */ = {
			isa = PBXGroup;
			children = (
				0234E4EC1F60E0E7006F803E /* LCJMineFooterView.h */,
				0234E4ED1F60E0E7006F803E /* LCJMineFooterView.m */,
				0237DB451F668A8D005FF7AA /* LCJMineFooterListBtn.h */,
				0237DB461F668A8D005FF7AA /* LCJMineFooterListBtn.m */,
			);
			path = View;
			sourceTree = "<group>";
		};
		0234E4F21F60E2F3006F803E /* Model */ = {
			isa = PBXGroup;
			children = (
				0234E4F31F60E2F3006F803E /* LCJMineFooterModel.h */,
				0234E4F41F60E2F3006F803E /* LCJMineFooterModel.m */,
			);
			path = Model;
			sourceTree = "<group>";
		};
		0276C8BC1F5D34230052FBFB /* Utils */ = {
			isa = PBXGroup;
			children = (
				02ED714E1FB037D200A54414 /* RefreshHeader */,
				0276C8BD1F5D34530052FBFB /* Network */,
			);
			path = Utils;
			sourceTree = "<group>";
		};
		0276C8BD1F5D34530052FBFB /* Network */ = {
			isa = PBXGroup;
			children = (
				0276C8BE1F5D348A0052FBFB /* LCJAFHTTPClient.h */,
				0276C8BF1F5D348A0052FBFB /* LCJAFHTTPClient.m */,
			);
			path = Network;
			sourceTree = "<group>";
		};
		02D9F0BE1F67D4BA00C20D3D /* View */ = {
			isa = PBXGroup;
			children = (
			);
			path = View;
			sourceTree = "<group>";
		};
		02D9F0BF1F67D4BA00C20D3D /* Model */ = {
			isa = PBXGroup;
			children = (
				02F33B0B1FAC6184009B18C7 /* LCJCreamModel.h */,
				02F33B0C1FAC6184009B18C7 /* LCJCreamModel.m */,
			);
			path = Model;
			sourceTree = "<group>";
		};
		02D9F0C01F67D4BA00C20D3D /* Controller */ = {
			isa = PBXGroup;
			children = (
				02D9F0C11F67D4BA00C20D3D /* LCJCreamViewController.h */,
				02D9F0C21F67D4BA00C20D3D /* LCJCreamViewController.m */,
				02D9F0C41F67D54800C20D3D /* LCJAllViewController.h */,
				02D9F0C51F67D54800C20D3D /* LCJAllViewController.m */,
				02D9F0C71F67D56E00C20D3D /* LCJVideoViewController.h */,
				02D9F0C81F67D56E00C20D3D /* LCJVideoViewController.m */,
				02D9F0CA1F67D58A00C20D3D /* LCJVoiceViewController.h */,
				02D9F0CB1F67D58A00C20D3D /* LCJVoiceViewController.m */,
				02D9F0CD1F67D59800C20D3D /* LCJImgViewController.h */,
				02D9F0CE1F67D59800C20D3D /* LCJImgViewController.m */,
				02D9F0D01F67D5AA00C20D3D /* LCJTextViewController.h */,
				02D9F0D11F67D5AA00C20D3D /* LCJTextViewController.m */,
			);
			path = Controller;
			sourceTree = "<group>";
		};
		02ED714E1FB037D200A54414 /* RefreshHeader */ = {
			isa = PBXGroup;
			children = (
				02ED714F1FB0384F00A54414 /* LCJRefreshHeader.h */,
				02ED71501FB0384F00A54414 /* LCJRefreshHeader.m */,
			);
			path = RefreshHeader;
			sourceTree = "<group>";
		};
		2412A6614FDE64AECB13BF45 /* Frameworks */ = {
			isa = PBXGroup;
			children = (
				9F3088E6EAD0C6C53A7F8765 /* libPods-百思不得姐.a */,
			);
			name = Frameworks;
			sourceTree = "<group>";
		};
		350BD6F51F4ECC16006D23F1 /* Common */ = {
			isa = PBXGroup;
			children = (
				350BD6F61F4ECC37006D23F1 /* LCJNavButtonItem.h */,
				350BD6F71F4ECC37006D23F1 /* LCJNavButtonItem.m */,
				350BD7061F53B292006D23F1 /* LCJThirdPartyLoginBtn.h */,
				350BD7071F53B292006D23F1 /* LCJThirdPartyLoginBtn.m */,
			);
			path = Common;
			sourceTree = "<group>";
		};
		350BD7021F50118C006D23F1 /* Login */ = {
			isa = PBXGroup;
			children = (
				350BD7031F5011AB006D23F1 /* LCJLoginViewController.h */,
				350BD7041F5011AB006D23F1 /* LCJLoginViewController.m */,
			);
			path = Login;
			sourceTree = "<group>";
		};
		3523821F1F4D295B0035FF17 /* Enter */ = {
			isa = PBXGroup;
			children = (
				352382201F4D295B0035FF17 /* AppDelegate.h */,
				352382211F4D295B0035FF17 /* AppDelegate.m */,
				352382221F4D295B0035FF17 /* main.m */,
			);
			path = Enter;
			sourceTree = "<group>";
		};
		352382251F4D2D4C0035FF17 /* Class */ = {
			isa = PBXGroup;
			children = (
				352382281F4D2D4C0035FF17 /* Main */,
				352382271F4D2D4C0035FF17 /* Cream */,
				3523822A1F4D2D4C0035FF17 /* New */,
				352382261F4D2D4C0035FF17 /* Attention */,
				352382291F4D2D4C0035FF17 /* Mine */,
				350BD7021F50118C006D23F1 /* Login */,
			);
			path = Class;
			sourceTree = "<group>";
		};
		352382261F4D2D4C0035FF17 /* Attention */ = {
			isa = PBXGroup;
			children = (
				3523823A1F4D2EF70035FF17 /* LCJAttentionViewController.h */,
				3523823B1F4D2EF70035FF17 /* LCJAttentionViewController.m */,
			);
			path = Attention;
			sourceTree = "<group>";
		};
		352382271F4D2D4C0035FF17 /* Cream */ = {
			isa = PBXGroup;
			children = (
				02D9F0BE1F67D4BA00C20D3D /* View */,
				02D9F0BF1F67D4BA00C20D3D /* Model */,
				02D9F0C01F67D4BA00C20D3D /* Controller */,
			);
			path = Cream;
			sourceTree = "<group>";
		};
		352382281F4D2D4C0035FF17 /* Main */ = {
			isa = PBXGroup;
			children = (
				3523822B1F4D2D930035FF17 /* LCJTabBarController.h */,
				3523822C1F4D2D930035FF17 /* LCJTabBarController.m */,
				350BD6E91F4E66B4006D23F1 /* LCJTabBar.h */,
				350BD6EA1F4E66B4006D23F1 /* LCJTabBar.m */,
				350BD6FC1F4ED9E0006D23F1 /* LCJNavigationController.h */,
				350BD6FD1F4ED9E0006D23F1 /* LCJNavigationController.m */,
			);
			path = Main;
			sourceTree = "<group>";
		};
		352382291F4D2D4C0035FF17 /* Mine */ = {
			isa = PBXGroup;
			children = (
				0234E4F21F60E2F3006F803E /* Model */,
				0234E4E41F60E09C006F803E /* Controller */,
				0234E4E91F60E09C006F803E /* View */,
			);
			path = Mine;
			sourceTree = "<group>";
		};
		3523822A1F4D2D4C0035FF17 /* New */ = {
			isa = PBXGroup;
			children = (
				352382371F4D2EDE0035FF17 /* LCJNewViewController.h */,
				352382381F4D2EDE0035FF17 /* LCJNewViewController.m */,
			);
			path = New;
			sourceTree = "<group>";
		};
		352382401F4D65090035FF17 /* PCH */ = {
			isa = PBXGroup;
			children = (
				352382411F4D652E0035FF17 /* PrefixHeader.pch */,
				352382451F4D67630035FF17 /* LCJColor.h */,
				352382461F4D67630035FF17 /* LCJColor.m */,
				352382421F4D67240035FF17 /* LCJAPIConfig.h */,
				352382431F4D67240035FF17 /* LCJAPIConfig.m */,
				352382481F4D679E0035FF17 /* LCJDimensConfig.h */,
				352382491F4D679E0035FF17 /* LCJDimensConfig.m */,
				3523824B1F4D67B10035FF17 /* LCJCommonConfig.h */,
				3523824C1F4D67B10035FF17 /* LCJCommonConfig.m */,
				350BD6F21F4E76BD006D23F1 /* UIView+LCJExtend.h */,
				350BD6F31F4E76BD006D23F1 /* UIView+LCJExtend.m */,
			);
			path = PCH;
			sourceTree = "<group>";
		};
		35889E661F4D16D400150C99 = {
			isa = PBXGroup;
			children = (
				35889E711F4D16D500150C99 /* 百思不得姐 */,
				35889E8B1F4D16D500150C99 /* 百思不得姐Tests */,
				35889E961F4D16D500150C99 /* 百思不得姐UITests */,
				35889E701F4D16D500150C99 /* Products */,
				3853EA8B834072F93FD6D0A4 /* Pods */,
				2412A6614FDE64AECB13BF45 /* Frameworks */,
			);
			sourceTree = "<group>";
		};
		35889E701F4D16D500150C99 /* Products */ = {
			isa = PBXGroup;
			children = (
				35889E6F1F4D16D500150C99 /* 百思不得姐.app */,
				35889E881F4D16D500150C99 /* 百思不得姐Tests.xctest */,
				35889E931F4D16D500150C99 /* 百思不得姐UITests.xctest */,
			);
			name = Products;
			sourceTree = "<group>";
		};
		35889E711F4D16D500150C99 /* 百思不得姐 */ = {
			isa = PBXGroup;
			children = (
				0276C8BC1F5D34230052FBFB /* Utils */,
				350BD6F51F4ECC16006D23F1 /* Common */,
				352382401F4D65090035FF17 /* PCH */,
				352382251F4D2D4C0035FF17 /* Class */,
				3523821F1F4D295B0035FF17 /* Enter */,
				35889E721F4D16D500150C99 /* Supporting Files */,
			);
			path = "百思不得姐";
			sourceTree = "<group>";
		};
		35889E721F4D16D500150C99 /* Supporting Files */ = {
			isa = PBXGroup;
			children = (
				35889E7E1F4D16D500150C99 /* Assets.xcassets */,
				35889E831F4D16D500150C99 /* Info.plist */,
			);
			name = "Supporting Files";
			sourceTree = "<group>";
		};
		35889E8B1F4D16D500150C99 /* 百思不得姐Tests */ = {
			isa = PBXGroup;
			children = (
				35889E8C1F4D16D500150C99 /* _____Tests.m */,
				35889E8E1F4D16D500150C99 /* Info.plist */,
			);
			path = "百思不得姐Tests";
			sourceTree = "<group>";
		};
		35889E961F4D16D500150C99 /* 百思不得姐UITests */ = {
			isa = PBXGroup;
			children = (
				35889E971F4D16D500150C99 /* _____UITests.m */,
				35889E991F4D16D500150C99 /* Info.plist */,
			);
			path = "百思不得姐UITests";
			sourceTree = "<group>";
		};
		3853EA8B834072F93FD6D0A4 /* Pods */ = {
			isa = PBXGroup;
			children = (
				CC4F2D01F7DAF7549779AD4B /* Pods-百思不得姐.debug.xcconfig */,
				E5B99AB518FE0B26DDC02BC4 /* Pods-百思不得姐.release.xcconfig */,
			);
			name = Pods;
			sourceTree = "<group>";
		};
/* End PBXGroup section */

/* Begin PBXNativeTarget section */
		35889E6E1F4D16D400150C99 /* 百思不得姐 */ = {
			isa = PBXNativeTarget;
			buildConfigurationList = 35889E9C1F4D16D500150C99 /* Build configuration list for PBXNativeTarget "百思不得姐" */;
			buildPhases = (
				01D6262F083592C5A76FE92D /* [CP] Check Pods Manifest.lock */,
				35889E6B1F4D16D400150C99 /* Sources */,
				35889E6C1F4D16D400150C99 /* Frameworks */,
				35889E6D1F4D16D400150C99 /* Resources */,
				F361773EB78D2AA5605CFB3C /* [CP] Embed Pods Frameworks */,
				CE04609AC42EEC0E12AD7C67 /* [CP] Copy Pods Resources */,
			);
			buildRules = (
			);
			dependencies = (
			);
			name = "百思不得姐";
			productName = "百思不得姐";
			productReference = 35889E6F1F4D16D500150C99 /* 百思不得姐.app */;
			productType = "com.apple.product-type.application";
		};
		35889E871F4D16D500150C99 /* 百思不得姐Tests */ = {
			isa = PBXNativeTarget;
			buildConfigurationList = 35889E9F1F4D16D500150C99 /* Build configuration list for PBXNativeTarget "百思不得姐Tests" */;
			buildPhases = (
				35889E841F4D16D500150C99 /* Sources */,
				35889E851F4D16D500150C99 /* Frameworks */,
				35889E861F4D16D500150C99 /* Resources */,
			);
			buildRules = (
			);
			dependencies = (
				35889E8A1F4D16D500150C99 /* PBXTargetDependency */,
			);
			name = "百思不得姐Tests";
			productName = "百思不得姐Tests";
			productReference = 35889E881F4D16D500150C99 /* 百思不得姐Tests.xctest */;
			productType = "com.apple.product-type.bundle.unit-test";
		};
		35889E921F4D16D500150C99 /* 百思不得姐UITests */ = {
			isa = PBXNativeTarget;
			buildConfigurationList = 35889EA21F4D16D500150C99 /* Build configuration list for PBXNativeTarget "百思不得姐UITests" */;
			buildPhases = (
				35889E8F1F4D16D500150C99 /* Sources */,
				35889E901F4D16D500150C99 /* Frameworks */,
				35889E911F4D16D500150C99 /* Resources */,
			);
			buildRules = (
			);
			dependencies = (
				35889E951F4D16D500150C99 /* PBXTargetDependency */,
			);
			name = "百思不得姐UITests";
			productName = "百思不得姐UITests";
			productReference = 35889E931F4D16D500150C99 /* 百思不得姐UITests.xctest */;
			productType = "com.apple.product-type.bundle.ui-testing";
		};
/* End PBXNativeTarget section */

/* Begin PBXProject section */
		35889E671F4D16D400150C99 /* Project object */ = {
			isa = PBXProject;
			attributes = {
				CLASSPREFIX = LCJ;
				LastUpgradeCheck = 0900;
				ORGANIZATIONNAME = LiChaoJun;
				TargetAttributes = {
					35889E6E1F4D16D400150C99 = {
						CreatedOnToolsVersion = 8.2.1;
						DevelopmentTeam = 2XD9U59KKP;
						ProvisioningStyle = Automatic;
					};
					35889E871F4D16D500150C99 = {
						CreatedOnToolsVersion = 8.2.1;
						DevelopmentTeam = N8578NSZEV;
						ProvisioningStyle = Automatic;
						TestTargetID = 35889E6E1F4D16D400150C99;
					};
					35889E921F4D16D500150C99 = {
						CreatedOnToolsVersion = 8.2.1;
						DevelopmentTeam = N8578NSZEV;
						ProvisioningStyle = Automatic;
						TestTargetID = 35889E6E1F4D16D400150C99;
					};
				};
			};
			buildConfigurationList = 35889E6A1F4D16D400150C99 /* Build configuration list for PBXProject "百思不得姐" */;
			compatibilityVersion = "Xcode 3.2";
			developmentRegion = English;
			hasScannedForEncodings = 0;
			knownRegions = (
				en,
				Base,
			);
			mainGroup = 35889E661F4D16D400150C99;
			productRefGroup = 35889E701F4D16D500150C99 /* Products */;
			projectDirPath = "";
			projectRoot = "";
			targets = (
				35889E6E1F4D16D400150C99 /* 百思不得姐 */,
				35889E871F4D16D500150C99 /* 百思不得姐Tests */,
				35889E921F4D16D500150C99 /* 百思不得姐UITests */,
			);
		};
/* End PBXProject section */

/* Begin PBXResourcesBuildPhase section */
		35889E6D1F4D16D400150C99 /* Resources */ = {
			isa = PBXResourcesBuildPhase;
			buildActionMask = 2147483647;
			files = (
				35889E7F1F4D16D500150C99 /* Assets.xcassets in Resources */,
			);
			runOnlyForDeploymentPostprocessing = 0;
		};
		35889E861F4D16D500150C99 /* Resources */ = {
			isa = PBXResourcesBuildPhase;
			buildActionMask = 2147483647;
			files = (
			);
			runOnlyForDeploymentPostprocessing = 0;
		};
		35889E911F4D16D500150C99 /* Resources */ = {
			isa = PBXResourcesBuildPhase;
			buildActionMask = 2147483647;
			files = (
			);
			runOnlyForDeploymentPostprocessing = 0;
		};
/* End PBXResourcesBuildPhase section */

/* Begin PBXShellScriptBuildPhase section */
		01D6262F083592C5A76FE92D /* [CP] Check Pods Manifest.lock */ = {
			isa = PBXShellScriptBuildPhase;
			buildActionMask = 2147483647;
			files = (
			);
			inputPaths = (
				"${PODS_PODFILE_DIR_PATH}/Podfile.lock",
				"${PODS_ROOT}/Manifest.lock",
			);
			name = "[CP] Check Pods Manifest.lock";
			outputPaths = (
				"$(DERIVED_FILE_DIR)/Pods-百思不得姐-checkManifestLockResult.txt",
			);
			runOnlyForDeploymentPostprocessing = 0;
			shellPath = /bin/sh;
			shellScript = "diff \"${PODS_PODFILE_DIR_PATH}/Podfile.lock\" \"${PODS_ROOT}/Manifest.lock\" > /dev/null\nif [ $? != 0 ] ; then\n    # print error to STDERR\n    echo \"error: The sandbox is not in sync with the Podfile.lock. Run 'pod install' or update your CocoaPods installation.\" >&2\n    exit 1\nfi\n# This output is used by Xcode 'outputs' to avoid re-running this script phase.\necho \"SUCCESS\" > \"${SCRIPT_OUTPUT_FILE_0}\"\n";
			showEnvVarsInLog = 0;
		};
		CE04609AC42EEC0E12AD7C67 /* [CP] Copy Pods Resources */ = {
			isa = PBXShellScriptBuildPhase;
			buildActionMask = 2147483647;
			files = (
			);
			inputPaths = (
				"${SRCROOT}/Pods/Target Support Files/Pods-百思不得姐/Pods-百思不得姐-resources.sh",
				"${PODS_ROOT}/IQKeyboardManager/IQKeyboardManager/Resources/IQKeyboardManager.bundle",
				"${PODS_ROOT}/MJRefresh/MJRefresh/MJRefresh.bundle",
			);
			name = "[CP] Copy Pods Resources";
			outputPaths = (
				"${TARGET_BUILD_DIR}/${UNLOCALIZED_RESOURCES_FOLDER_PATH}",
			);
			runOnlyForDeploymentPostprocessing = 0;
			shellPath = /bin/sh;
			shellScript = "\"${SRCROOT}/Pods/Target Support Files/Pods-百思不得姐/Pods-百思不得姐-resources.sh\"\n";
			showEnvVarsInLog = 0;
		};
		F361773EB78D2AA5605CFB3C /* [CP] Embed Pods Frameworks */ = {
			isa = PBXShellScriptBuildPhase;
			buildActionMask = 2147483647;
			files = (
			);
			inputPaths = (
			);
			name = "[CP] Embed Pods Frameworks";
			outputPaths = (
			);
			runOnlyForDeploymentPostprocessing = 0;
			shellPath = /bin/sh;
			shellScript = "\"${SRCROOT}/Pods/Target Support Files/Pods-百思不得姐/Pods-百思不得姐-frameworks.sh\"\n";
			showEnvVarsInLog = 0;
		};
/* End PBXShellScriptBuildPhase section */

/* Begin PBXSourcesBuildPhase section */
		35889E6B1F4D16D400150C99 /* Sources */ = {
			isa = PBXSourcesBuildPhase;
			buildActionMask = 2147483647;
			files = (
				350BD6EB1F4E66B4006D23F1 /* LCJTabBar.m in Sources */,
				350BD7081F53B292006D23F1 /* LCJThirdPartyLoginBtn.m in Sources */,
				0237DB471F668A8D005FF7AA /* LCJMineFooterListBtn.m in Sources */,
				350BD6F41F4E76BD006D23F1 /* UIView+LCJExtend.m in Sources */,
				0234E4F51F60E2F3006F803E /* LCJMineFooterModel.m in Sources */,
				02D9F0C91F67D56E00C20D3D /* LCJVideoViewController.m in Sources */,
				350BD6F81F4ECC37006D23F1 /* LCJNavButtonItem.m in Sources */,
				352382441F4D67240035FF17 /* LCJAPIConfig.m in Sources */,
				0234E4EA1F60E09C006F803E /* LCJMineViewController.m in Sources */,
				352382241F4D295B0035FF17 /* main.m in Sources */,
				352382471F4D67630035FF17 /* LCJColor.m in Sources */,
				3523824D1F4D67B10035FF17 /* LCJCommonConfig.m in Sources */,
				3523823C1F4D2EF70035FF17 /* LCJAttentionViewController.m in Sources */,
				02D9F0CC1F67D58A00C20D3D /* LCJVoiceViewController.m in Sources */,
				02D9F0C31F67D4BA00C20D3D /* LCJCreamViewController.m in Sources */,
				352382231F4D295B0035FF17 /* AppDelegate.m in Sources */,
				3523824A1F4D679E0035FF17 /* LCJDimensConfig.m in Sources */,
				3523822D1F4D2D930035FF17 /* LCJTabBarController.m in Sources */,
				02ED71511FB0384F00A54414 /* LCJRefreshHeader.m in Sources */,
				024D71611F67855F00430DA4 /* LCJMineWebViewController.m in Sources */,
				0234E4EE1F60E0E7006F803E /* LCJMineFooterView.m in Sources */,
				02D9F0C61F67D54800C20D3D /* LCJAllViewController.m in Sources */,
				02D9F0CF1F67D59800C20D3D /* LCJImgViewController.m in Sources */,
				02F33B0D1FAC6184009B18C7 /* LCJCreamModel.m in Sources */,
				352382391F4D2EDE0035FF17 /* LCJNewViewController.m in Sources */,
				02D9F0D21F67D5AA00C20D3D /* LCJTextViewController.m in Sources */,
				350BD6FE1F4ED9E0006D23F1 /* LCJNavigationController.m in Sources */,
				0276C8C01F5D348A0052FBFB /* LCJAFHTTPClient.m in Sources */,
				350BD7051F5011AB006D23F1 /* LCJLoginViewController.m in Sources */,
				0234E4EB1F60E09C006F803E /* LCJSettingViewController.m in Sources */,
			);
			runOnlyForDeploymentPostprocessing = 0;
		};
		35889E841F4D16D500150C99 /* Sources */ = {
			isa = PBXSourcesBuildPhase;
			buildActionMask = 2147483647;
			files = (
				35889E8D1F4D16D500150C99 /* _____Tests.m in Sources */,
			);
			runOnlyForDeploymentPostprocessing = 0;
		};
		35889E8F1F4D16D500150C99 /* Sources */ = {
			isa = PBXSourcesBuildPhase;
			buildActionMask = 2147483647;
			files = (
				35889E981F4D16D500150C99 /* _____UITests.m in Sources */,
			);
			runOnlyForDeploymentPostprocessing = 0;
		};
/* End PBXSourcesBuildPhase section */

/* Begin PBXTargetDependency section */
		35889E8A1F4D16D500150C99 /* PBXTargetDependency */ = {
			isa = PBXTargetDependency;
			target = 35889E6E1F4D16D400150C99 /* 百思不得姐 */;
			targetProxy = 35889E891F4D16D500150C99 /* PBXContainerItemProxy */;
		};
		35889E951F4D16D500150C99 /* PBXTargetDependency */ = {
			isa = PBXTargetDependency;
			target = 35889E6E1F4D16D400150C99 /* 百思不得姐 */;
			targetProxy = 35889E941F4D16D500150C99 /* PBXContainerItemProxy */;
		};
/* End PBXTargetDependency section */

/* Begin XCBuildConfiguration section */
		35889E9A1F4D16D500150C99 /* Debug */ = {
			isa = XCBuildConfiguration;
			buildSettings = {
				ALWAYS_SEARCH_USER_PATHS = NO;
				CLANG_ANALYZER_NONNULL = YES;
				CLANG_CXX_LANGUAGE_STANDARD = "gnu++0x";
				CLANG_CXX_LIBRARY = "libc++";
				CLANG_ENABLE_MODULES = YES;
				CLANG_ENABLE_OBJC_ARC = YES;
				CLANG_WARN_BLOCK_CAPTURE_AUTORELEASING = YES;
				CLANG_WARN_BOOL_CONVERSION = YES;
				CLANG_WARN_COMMA = YES;
				CLANG_WARN_CONSTANT_CONVERSION = YES;
				CLANG_WARN_DIRECT_OBJC_ISA_USAGE = YES_ERROR;
				CLANG_WARN_DOCUMENTATION_COMMENTS = YES;
				CLANG_WARN_EMPTY_BODY = YES;
				CLANG_WARN_ENUM_CONVERSION = YES;
				CLANG_WARN_INFINITE_RECURSION = YES;
				CLANG_WARN_INT_CONVERSION = YES;
				CLANG_WARN_NON_LITERAL_NULL_CONVERSION = YES;
				CLANG_WARN_OBJC_LITERAL_CONVERSION = YES;
				CLANG_WARN_OBJC_ROOT_CLASS = YES_ERROR;
				CLANG_WARN_RANGE_LOOP_ANALYSIS = YES;
				CLANG_WARN_STRICT_PROTOTYPES = YES;
				CLANG_WARN_SUSPICIOUS_MOVE = YES;
				CLANG_WARN_UNREACHABLE_CODE = YES;
				CLANG_WARN__DUPLICATE_METHOD_MATCH = YES;
				"CODE_SIGN_IDENTITY[sdk=iphoneos*]" = "iPhone Developer";
				COPY_PHASE_STRIP = NO;
				DEBUG_INFORMATION_FORMAT = dwarf;
				ENABLE_STRICT_OBJC_MSGSEND = YES;
				ENABLE_TESTABILITY = YES;
				GCC_C_LANGUAGE_STANDARD = gnu99;
				GCC_DYNAMIC_NO_PIC = NO;
				GCC_NO_COMMON_BLOCKS = YES;
				GCC_OPTIMIZATION_LEVEL = 0;
				GCC_PREPROCESSOR_DEFINITIONS = (
					"DEBUG=1",
					"$(inherited)",
				);
				GCC_WARN_64_TO_32_BIT_CONVERSION = YES;
				GCC_WARN_ABOUT_RETURN_TYPE = YES_ERROR;
				GCC_WARN_UNDECLARED_SELECTOR = YES;
				GCC_WARN_UNINITIALIZED_AUTOS = YES_AGGRESSIVE;
				GCC_WARN_UNUSED_FUNCTION = YES;
				GCC_WARN_UNUSED_VARIABLE = YES;
				IPHONEOS_DEPLOYMENT_TARGET = 10.2;
				MTL_ENABLE_DEBUG_INFO = YES;
				ONLY_ACTIVE_ARCH = YES;
				SDKROOT = iphoneos;
			};
			name = Debug;
		};
		35889E9B1F4D16D500150C99 /* Release */ = {
			isa = XCBuildConfiguration;
			buildSettings = {
				ALWAYS_SEARCH_USER_PATHS = NO;
				CLANG_ANALYZER_NONNULL = YES;
				CLANG_CXX_LANGUAGE_STANDARD = "gnu++0x";
				CLANG_CXX_LIBRARY = "libc++";
				CLANG_ENABLE_MODULES = YES;
				CLANG_ENABLE_OBJC_ARC = YES;
				CLANG_WARN_BLOCK_CAPTURE_AUTORELEASING = YES;
				CLANG_WARN_BOOL_CONVERSION = YES;
				CLANG_WARN_COMMA = YES;
				CLANG_WARN_CONSTANT_CONVERSION = YES;
				CLANG_WARN_DIRECT_OBJC_ISA_USAGE = YES_ERROR;
				CLANG_WARN_DOCUMENTATION_COMMENTS = YES;
				CLANG_WARN_EMPTY_BODY = YES;
				CLANG_WARN_ENUM_CONVERSION = YES;
				CLANG_WARN_INFINITE_RECURSION = YES;
				CLANG_WARN_INT_CONVERSION = YES;
				CLANG_WARN_NON_LITERAL_NULL_CONVERSION = YES;
				CLANG_WARN_OBJC_LITERAL_CONVERSION = YES;
				CLANG_WARN_OBJC_ROOT_CLASS = YES_ERROR;
				CLANG_WARN_RANGE_LOOP_ANALYSIS = YES;
				CLANG_WARN_STRICT_PROTOTYPES = YES;
				CLANG_WARN_SUSPICIOUS_MOVE = YES;
				CLANG_WARN_UNREACHABLE_CODE = YES;
				CLANG_WARN__DUPLICATE_METHOD_MATCH = YES;
				"CODE_SIGN_IDENTITY[sdk=iphoneos*]" = "iPhone Developer";
				COPY_PHASE_STRIP = NO;
				DEBUG_INFORMATION_FORMAT = "dwarf-with-dsym";
				ENABLE_NS_ASSERTIONS = NO;
				ENABLE_STRICT_OBJC_MSGSEND = YES;
				GCC_C_LANGUAGE_STANDARD = gnu99;
				GCC_NO_COMMON_BLOCKS = YES;
				GCC_WARN_64_TO_32_BIT_CONVERSION = YES;
				GCC_WARN_ABOUT_RETURN_TYPE = YES_ERROR;
				GCC_WARN_UNDECLARED_SELECTOR = YES;
				GCC_WARN_UNINITIALIZED_AUTOS = YES_AGGRESSIVE;
				GCC_WARN_UNUSED_FUNCTION = YES;
				GCC_WARN_UNUSED_VARIABLE = YES;
				IPHONEOS_DEPLOYMENT_TARGET = 10.2;
				MTL_ENABLE_DEBUG_INFO = NO;
				SDKROOT = iphoneos;
				VALIDATE_PRODUCT = YES;
			};
			name = Release;
		};
		35889E9D1F4D16D500150C99 /* Debug */ = {
			isa = XCBuildConfiguration;
			baseConfigurationReference = CC4F2D01F7DAF7549779AD4B /* Pods-百思不得姐.debug.xcconfig */;
			buildSettings = {
				ASSETCATALOG_COMPILER_APPICON_NAME = AppIcon;
				ASSETCATALOG_COMPILER_LAUNCHIMAGE_NAME = LaunchImage;
				DEVELOPMENT_TEAM = 2XD9U59KKP;
				GCC_PREFIX_HEADER = "百思不得姐/PCH/PrefixHeader.pch";
				INFOPLIST_FILE = "百思不得姐/Info.plist";
				IPHONEOS_DEPLOYMENT_TARGET = 8.0;
				LD_RUNPATH_SEARCH_PATHS = "$(inherited) @executable_path/Frameworks";
				PRODUCT_BUNDLE_IDENTIFIER = com.ziyiu;
				PRODUCT_NAME = "$(TARGET_NAME)";
			};
			name = Debug;
		};
		35889E9E1F4D16D500150C99 /* Release */ = {
			isa = XCBuildConfiguration;
			baseConfigurationReference = E5B99AB518FE0B26DDC02BC4 /* Pods-百思不得姐.release.xcconfig */;
			buildSettings = {
				ASSETCATALOG_COMPILER_APPICON_NAME = AppIcon;
				ASSETCATALOG_COMPILER_LAUNCHIMAGE_NAME = LaunchImage;
				DEVELOPMENT_TEAM = 2XD9U59KKP;
				GCC_PREFIX_HEADER = "百思不得姐/PCH/PrefixHeader.pch";
				INFOPLIST_FILE = "百思不得姐/Info.plist";
				IPHONEOS_DEPLOYMENT_TARGET = 8.0;
				LD_RUNPATH_SEARCH_PATHS = "$(inherited) @executable_path/Frameworks";
				PRODUCT_BUNDLE_IDENTIFIER = com.ziyiu;
				PRODUCT_NAME = "$(TARGET_NAME)";
			};
			name = Release;
		};
		35889EA01F4D16D500150C99 /* Debug */ = {
			isa = XCBuildConfiguration;
			buildSettings = {
				BUNDLE_LOADER = "$(TEST_HOST)";
				DEVELOPMENT_TEAM = N8578NSZEV;
				INFOPLIST_FILE = "百思不得姐Tests/Info.plist";
				LD_RUNPATH_SEARCH_PATHS = "$(inherited) @executable_path/Frameworks @loader_path/Frameworks";
				PRODUCT_BUNDLE_IDENTIFIER = "com.ziyiu.-----Tests";
				PRODUCT_NAME = "$(TARGET_NAME)";
				TEST_HOST = "$(BUILT_PRODUCTS_DIR)/百思不得姐.app/百思不得姐";
			};
			name = Debug;
		};
		35889EA11F4D16D500150C99 /* Release */ = {
			isa = XCBuildConfiguration;
			buildSettings = {
				BUNDLE_LOADER = "$(TEST_HOST)";
				DEVELOPMENT_TEAM = N8578NSZEV;
				INFOPLIST_FILE = "百思不得姐Tests/Info.plist";
				LD_RUNPATH_SEARCH_PATHS = "$(inherited) @executable_path/Frameworks @loader_path/Frameworks";
				PRODUCT_BUNDLE_IDENTIFIER = "com.ziyiu.-----Tests";
				PRODUCT_NAME = "$(TARGET_NAME)";
				TEST_HOST = "$(BUILT_PRODUCTS_DIR)/百思不得姐.app/百思不得姐";
			};
			name = Release;
		};
		35889EA31F4D16D500150C99 /* Debug */ = {
			isa = XCBuildConfiguration;
			buildSettings = {
				DEVELOPMENT_TEAM = N8578NSZEV;
				INFOPLIST_FILE = "百思不得姐UITests/Info.plist";
				LD_RUNPATH_SEARCH_PATHS = "$(inherited) @executable_path/Frameworks @loader_path/Frameworks";
				PRODUCT_BUNDLE_IDENTIFIER = "com.ziyiu.-----UITests";
				PRODUCT_NAME = "$(TARGET_NAME)";
				TEST_TARGET_NAME = "百思不得姐";
			};
			name = Debug;
		};
		35889EA41F4D16D500150C99 /* Release */ = {
			isa = XCBuildConfiguration;
			buildSettings = {
				DEVELOPMENT_TEAM = N8578NSZEV;
				INFOPLIST_FILE = "百思不得姐UITests/Info.plist";
				LD_RUNPATH_SEARCH_PATHS = "$(inherited) @executable_path/Frameworks @loader_path/Frameworks";
				PRODUCT_BUNDLE_IDENTIFIER = "com.ziyiu.-----UITests";
				PRODUCT_NAME = "$(TARGET_NAME)";
				TEST_TARGET_NAME = "百思不得姐";
			};
			name = Release;
		};
/* End XCBuildConfiguration section */

/* Begin XCConfigurationList section */
		35889E6A1F4D16D400150C99 /* Build configuration list for PBXProject "百思不得姐" */ = {
			isa = XCConfigurationList;
			buildConfigurations = (
				35889E9A1F4D16D500150C99 /* Debug */,
				35889E9B1F4D16D500150C99 /* Release */,
			);
			defaultConfigurationIsVisible = 0;
			defaultConfigurationName = Release;
		};
		35889E9C1F4D16D500150C99 /* Build configuration list for PBXNativeTarget "百思不得姐" */ = {
			isa = XCConfigurationList;
			buildConfigurations = (
				35889E9D1F4D16D500150C99 /* Debug */,
				35889E9E1F4D16D500150C99 /* Release */,
			);
			defaultConfigurationIsVisible = 0;
			defaultConfigurationName = Release;
		};
		35889E9F1F4D16D500150C99 /* Build configuration list for PBXNativeTarget "百思不得姐Tests" */ = {
			isa = XCConfigurationList;
			buildConfigurations = (
				35889EA01F4D16D500150C99 /* Debug */,
				35889EA11F4D16D500150C99 /* Release */,
			);
			defaultConfigurationIsVisible = 0;
			defaultConfigurationName = Release;
		};
		35889EA21F4D16D500150C99 /* Build configuration list for PBXNativeTarget "百思不得姐UITests" */ = {
			isa = XCConfigurationList;
			buildConfigurations = (
				35889EA31F4D16D500150C99 /* Debug */,
				35889EA41F4D16D500150C99 /* Release */,
			);
			defaultConfigurationIsVisible = 0;
			defaultConfigurationName = Release;
		};
/* End XCConfigurationList section */
	};
	rootObject = 35889E671F4D16D400150C99 /* Project object */;
}
